// !$*UTF8*$!
{
	archiveVersion = 1;
	classes = {
	};
	objectVersion = 77;
	objects = {

/* Begin PBXBuildFile section */
		01B539E9269E45EFCC3FA621 /* MockData.swift in Sources */ = {isa = PBXBuildFile; fileRef = A21DE389133E2E39A4945899 /* MockData.swift */; };
		17608CB256DC240634161598 /* OnboardingStorePickerView.swift in Sources */ = {isa = PBXBuildFile; fileRef = 652398B3F95F508FDAD663FF /* OnboardingStorePickerView.swift */; };
		183EA9965CFDFD86A70ED1B5 /* OnboardingManualEntryView.swift in Sources */ = {isa = PBXBuildFile; fileRef = BB8803F6740ACA3BAF9A8490 /* OnboardingManualEntryView.swift */; };
		19892B6D64206C57FD5C1450 /* RecallListViewModel.swift in Sources */ = {isa = PBXBuildFile; fileRef = 31371B9D08F43FB8F7241FF9 /* RecallListViewModel.swift */; };
		25025E6B6BE18A4EF0F89FE4 /* RootView.swift in Sources */ = {isa = PBXBuildFile; fileRef = E9B919A53830848335705167 /* RootView.swift */; };
		2E0CE6E61163BFCFB0A64F26 /* OnboardingView.swift in Sources */ = {isa = PBXBuildFile; fileRef = 1E28F0EE43C635A8E39CE955 /* OnboardingView.swift */; };
		326A2CFD796B587EAE39CD91 /* RecallListView.swift in Sources */ = {isa = PBXBuildFile; fileRef = 74813730C740907548951A4D /* RecallListView.swift */; };
		3D9A569BFA5B4A84A7372629 /* LocationService.swift in Sources */ = {isa = PBXBuildFile; fileRef = 749AC61E5D7802C215876034 /* LocationService.swift */; };
		41C95569E511AC2126E0B5CF /* NotificationScheduler.swift in Sources */ = {isa = PBXBuildFile; fileRef = 2C8304011099B618A0C12BAB /* NotificationScheduler.swift */; };
		44D6D13292CE7E809822ABF1 /* OnboardingManualEntryView.swift in Sources */ = {isa = PBXBuildFile; fileRef = BB8803F6740ACA3BAF9A8490 /* OnboardingManualEntryView.swift */; };
		47499F4DD35D76F35CADE7D6 /* RecallKit in Frameworks */ = {isa = PBXBuildFile; productRef = 604E20E1790ECA03B145C09D /* RecallKit */; };
		50AEF0976A4AE0823A2211FF /* OnboardingLocatingView.swift in Sources */ = {isa = PBXBuildFile; fileRef = DE5C910B53912E00585A0402 /* OnboardingLocatingView.swift */; };
		52A3F53D6405056A8E2F81A8 /* EsthiosotariaApp.swift in Sources */ = {isa = PBXBuildFile; fileRef = BA300C405F7B98423A5E8C1A /* EsthiosotariaApp.swift */; };
		55D84D59CDCBD2CC86A099F5 /* RecallKit in Frameworks */ = {isa = PBXBuildFile; productRef = F4C5A4A45C3B1B01EA7F24B0 /* RecallKit */; };
		6110C1325CD14DAC6374E507 /* SettingsView.swift in Sources */ = {isa = PBXBuildFile; fileRef = 5BD33BDE03B89B9D9FFB068D /* SettingsView.swift */; };
		6B002BCDBA7DE745B8DF4ABA /* MockData.swift in Sources */ = {isa = PBXBuildFile; fileRef = A21DE389133E2E39A4945899 /* MockData.swift */; };
		6CB4DBE94FE579A32CA858E9 /* StoreDiscoveryService.swift in Sources */ = {isa = PBXBuildFile; fileRef = 5465F34631498D6C6FC665FE /* StoreDiscoveryService.swift */; };
		6EF233FAA50BDD930B2A3440 /* RecallListView.swift in Sources */ = {isa = PBXBuildFile; fileRef = 74813730C740907548951A4D /* RecallListView.swift */; };
		70B568ED01C33BBCCCA83791 /* RecallListViewModel.swift in Sources */ = {isa = PBXBuildFile; fileRef = 31371B9D08F43FB8F7241FF9 /* RecallListViewModel.swift */; };
		7A3E4665BEDB7D72455BD2A8 /* DesignGalleryView.swift in Sources */ = {isa = PBXBuildFile; fileRef = E7CF4A520CB609CDEAF93994 /* DesignGalleryView.swift */; };
		7B9EF0FAD03A7E33FE4C71BC /* OnboardingLocatingView.swift in Sources */ = {isa = PBXBuildFile; fileRef = DE5C910B53912E00585A0402 /* OnboardingLocatingView.swift */; };
		7F3D50933B5970D06ABFE843 /* UserSettingsStore.swift in Sources */ = {isa = PBXBuildFile; fileRef = C7F890DFAD2082A12B035047 /* UserSettingsStore.swift */; };
		86CDA887D0E7ADBCBE9B5414 /* OnboardingView.swift in Sources */ = {isa = PBXBuildFile; fileRef = 1E28F0EE43C635A8E39CE955 /* OnboardingView.swift */; };
		91FCD9A6B58FB2B4C1D77A4F /* RootView.swift in Sources */ = {isa = PBXBuildFile; fileRef = E9B919A53830848335705167 /* RootView.swift */; };
		96B568137F78A138182E3172 /* EsthiosotariaApp.swift in Sources */ = {isa = PBXBuildFile; fileRef = BA300C405F7B98423A5E8C1A /* EsthiosotariaApp.swift */; };
		98A88F3523407D9FC3D06581 /* NotificationScheduler.swift in Sources */ = {isa = PBXBuildFile; fileRef = 2C8304011099B618A0C12BAB /* NotificationScheduler.swift */; };
		AF47219554285C16F719CD4C /* LocationService.swift in Sources */ = {isa = PBXBuildFile; fileRef = 749AC61E5D7802C215876034 /* LocationService.swift */; };
		C4B389BA93E9FAFB077F68FA /* RecallRowView.swift in Sources */ = {isa = PBXBuildFile; fileRef = B15D98B15FBAD37986B5D1CA /* RecallRowView.swift */; };
		C4FBF469CEB1041CBF7A9E3C /* DesignTokens.swift in Sources */ = {isa = PBXBuildFile; fileRef = 1936B6CA81431AB498761B14 /* DesignTokens.swift */; };
		CECC6365721648A28ECA8AC2 /* UserSettingsStore.swift in Sources */ = {isa = PBXBuildFile; fileRef = C7F890DFAD2082A12B035047 /* UserSettingsStore.swift */; };
		D05DE33E914851981C70E343 /* RecallDetailView.swift in Sources */ = {isa = PBXBuildFile; fileRef = 41D66057A787A480252B9CE0 /* RecallDetailView.swift */; };
		D0D773FED8FCC7070F114948 /* OnboardingStorePickerView.swift in Sources */ = {isa = PBXBuildFile; fileRef = 652398B3F95F508FDAD663FF /* OnboardingStorePickerView.swift */; };
		D4B28D07F9ADCBE16204995B /* RecallRowView.swift in Sources */ = {isa = PBXBuildFile; fileRef = B15D98B15FBAD37986B5D1CA /* RecallRowView.swift */; };
		DCE56BF7209EB052B1F7B07E /* SettingsView.swift in Sources */ = {isa = PBXBuildFile; fileRef = 5BD33BDE03B89B9D9FFB068D /* SettingsView.swift */; };
		EA215A350E62A2EC9D9144C0 /* OnboardingWelcomeView.swift in Sources */ = {isa = PBXBuildFile; fileRef = 5291BB8BAF72FFB0D12BED32 /* OnboardingWelcomeView.swift */; };
		EE617565AFB7A3AF5823151E /* DesignTokens.swift in Sources */ = {isa = PBXBuildFile; fileRef = 1936B6CA81431AB498761B14 /* DesignTokens.swift */; };
		F400F885C541A7441FF0A68E /* DesignGalleryView.swift in Sources */ = {isa = PBXBuildFile; fileRef = E7CF4A520CB609CDEAF93994 /* DesignGalleryView.swift */; };
		F4CAD5E795C3BDB381D74551 /* OnboardingWelcomeView.swift in Sources */ = {isa = PBXBuildFile; fileRef = 5291BB8BAF72FFB0D12BED32 /* OnboardingWelcomeView.swift */; };
		FB9D1101C175227806D208DE /* RecallDetailView.swift in Sources */ = {isa = PBXBuildFile; fileRef = 41D66057A787A480252B9CE0 /* RecallDetailView.swift */; };
		FDC9B6CFE3D7319E24FABE74 /* StoreDiscoveryService.swift in Sources */ = {isa = PBXBuildFile; fileRef = 5465F34631498D6C6FC665FE /* StoreDiscoveryService.swift */; };
/* End PBXBuildFile section */

/* Begin PBXFileReference section */
		05A04D73BC88717477218032 /* EsthioSotaria_macOS.app */ = {isa = PBXFileReference; explicitFileType = wrapper.application; includeInIndex = 0; path = EsthioSotaria_macOS.app; sourceTree = BUILT_PRODUCTS_DIR; };
		1936B6CA81431AB498761B14 /* DesignTokens.swift */ = {isa = PBXFileReference; lastKnownFileType = sourcecode.swift; path = DesignTokens.swift; sourceTree = "<group>"; };
		1E28F0EE43C635A8E39CE955 /* OnboardingView.swift */ = {isa = PBXFileReference; lastKnownFileType = sourcecode.swift; path = OnboardingView.swift; sourceTree = "<group>"; };
		2C8304011099B618A0C12BAB /* NotificationScheduler.swift */ = {isa = PBXFileReference; lastKnownFileType = sourcecode.swift; path = NotificationScheduler.swift; sourceTree = "<group>"; };
		31371B9D08F43FB8F7241FF9 /* RecallListViewModel.swift */ = {isa = PBXFileReference; lastKnownFileType = sourcecode.swift; path = RecallListViewModel.swift; sourceTree = "<group>"; };
		41D66057A787A480252B9CE0 /* RecallDetailView.swift */ = {isa = PBXFileReference; lastKnownFileType = sourcecode.swift; path = RecallDetailView.swift; sourceTree = "<group>"; };
		5291BB8BAF72FFB0D12BED32 /* OnboardingWelcomeView.swift */ = {isa = PBXFileReference; lastKnownFileType = sourcecode.swift; path = OnboardingWelcomeView.swift; sourceTree = "<group>"; };
		5465F34631498D6C6FC665FE /* StoreDiscoveryService.swift */ = {isa = PBXFileReference; lastKnownFileType = sourcecode.swift; path = StoreDiscoveryService.swift; sourceTree = "<group>"; };
		5BD33BDE03B89B9D9FFB068D /* SettingsView.swift */ = {isa = PBXFileReference; lastKnownFileType = sourcecode.swift; path = SettingsView.swift; sourceTree = "<group>"; };
		652398B3F95F508FDAD663FF /* OnboardingStorePickerView.swift */ = {isa = PBXFileReference; lastKnownFileType = sourcecode.swift; path = OnboardingStorePickerView.swift; sourceTree = "<group>"; };
		74813730C740907548951A4D /* RecallListView.swift */ = {isa = PBXFileReference; lastKnownFileType = sourcecode.swift; path = RecallListView.swift; sourceTree = "<group>"; };
		749AC61E5D7802C215876034 /* LocationService.swift */ = {isa = PBXFileReference; lastKnownFileType = sourcecode.swift; path = LocationService.swift; sourceTree = "<group>"; };
		A21DE389133E2E39A4945899 /* MockData.swift */ = {isa = PBXFileReference; lastKnownFileType = sourcecode.swift; path = MockData.swift; sourceTree = "<group>"; };
		A58CE7131440EB52F3CED06D /* Info.plist */ = {isa = PBXFileReference; lastKnownFileType = text.plist; path = Info.plist; sourceTree = "<group>"; };
		B15D98B15FBAD37986B5D1CA /* RecallRowView.swift */ = {isa = PBXFileReference; lastKnownFileType = sourcecode.swift; path = RecallRowView.swift; sourceTree = "<group>"; };
		B6BF2C5F533938CE8005CAAE /* RecallKit */ = {isa = PBXFileReference; lastKnownFileType = folder; name = RecallKit; path = RecallKit; sourceTree = SOURCE_ROOT; };
		BA300C405F7B98423A5E8C1A /* EsthiosotariaApp.swift */ = {isa = PBXFileReference; lastKnownFileType = sourcecode.swift; path = EsthiosotariaApp.swift; sourceTree = "<group>"; };
		BB8803F6740ACA3BAF9A8490 /* OnboardingManualEntryView.swift */ = {isa = PBXFileReference; lastKnownFileType = sourcecode.swift; path = OnboardingManualEntryView.swift; sourceTree = "<group>"; };
		C7F890DFAD2082A12B035047 /* UserSettingsStore.swift */ = {isa = PBXFileReference; lastKnownFileType = sourcecode.swift; path = UserSettingsStore.swift; sourceTree = "<group>"; };
		DE5C910B53912E00585A0402 /* OnboardingLocatingView.swift */ = {isa = PBXFileReference; lastKnownFileType = sourcecode.swift; path = OnboardingLocatingView.swift; sourceTree = "<group>"; };
		E79CBE87FABAB0DC27FFCAA6 /* EsthioSotaria_iOS.app */ = {isa = PBXFileReference; includeInIndex = 0; lastKnownFileType = wrapper.application; path = EsthioSotaria_iOS.app; sourceTree = BUILT_PRODUCTS_DIR; };
		E7CF4A520CB609CDEAF93994 /* DesignGalleryView.swift */ = {isa = PBXFileReference; lastKnownFileType = sourcecode.swift; path = DesignGalleryView.swift; sourceTree = "<group>"; };
		E9B919A53830848335705167 /* RootView.swift */ = {isa = PBXFileReference; lastKnownFileType = sourcecode.swift; path = RootView.swift; sourceTree = "<group>"; };
/* End PBXFileReference section */

/* Begin PBXFrameworksBuildPhase section */
		6DFD60C2061BECA587E0CC52 /* Frameworks */ = {
			isa = PBXFrameworksBuildPhase;
			buildActionMask = 2147483647;
			files = (
				47499F4DD35D76F35CADE7D6 /* RecallKit in Frameworks */,
			);
			runOnlyForDeploymentPostprocessing = 0;
		};
		E9C4CAC229829CA91D536011 /* Frameworks */ = {
			isa = PBXFrameworksBuildPhase;
			buildActionMask = 2147483647;
			files = (
				55D84D59CDCBD2CC86A099F5 /* RecallKit in Frameworks */,
			);
			runOnlyForDeploymentPostprocessing = 0;
		};
/* End PBXFrameworksBuildPhase section */

/* Begin PBXGroup section */
		07B7E5B864B78003A2E5DCAD /* Models */ = {
			isa = PBXGroup;
			children = (
				C7F890DFAD2082A12B035047 /* UserSettingsStore.swift */,
			);
			path = Models;
			sourceTree = "<group>";
		};
		11BF577537CFC9458214E58E /* Views */ = {
			isa = PBXGroup;
			children = (
				1E28F0EE43C635A8E39CE955 /* OnboardingView.swift */,
				74813730C740907548951A4D /* RecallListView.swift */,
				E9B919A53830848335705167 /* RootView.swift */,
				5BD33BDE03B89B9D9FFB068D /* SettingsView.swift */,
				A7B1542397DE6B6D65F798D2 /* Onboarding */,
				971987AF4255A40C353DA7A1 /* Recalls */,
			);
			path = Views;
			sourceTree = "<group>";
		};
		1FD058A2CDC9DBAAE524F4F0 /* Services */ = {
			isa = PBXGroup;
			children = (
				749AC61E5D7802C215876034 /* LocationService.swift */,
				2C8304011099B618A0C12BAB /* NotificationScheduler.swift */,
				5465F34631498D6C6FC665FE /* StoreDiscoveryService.swift */,
			);
			path = Services;
			sourceTree = "<group>";
		};
		4D69D1EB043185223AE99119 /* App */ = {
			isa = PBXGroup;
			children = (
				BA300C405F7B98423A5E8C1A /* EsthiosotariaApp.swift */,
				A58CE7131440EB52F3CED06D /* Info.plist */,
				E536002A27DE2CA73F0750D1 /* Design */,
				07B7E5B864B78003A2E5DCAD /* Models */,
				1FD058A2CDC9DBAAE524F4F0 /* Services */,
				D9E9D23EF773B47E900EFFA4 /* ViewModels */,
				11BF577537CFC9458214E58E /* Views */,
			);
			path = App;
			sourceTree = "<group>";
		};
		971987AF4255A40C353DA7A1 /* Recalls */ = {
			isa = PBXGroup;
			children = (
				41D66057A787A480252B9CE0 /* RecallDetailView.swift */,
				B15D98B15FBAD37986B5D1CA /* RecallRowView.swift */,
			);
			path = Recalls;
			sourceTree = "<group>";
		};
		99FE470C46F9F2C77E58B1F6 /* Products */ = {
			isa = PBXGroup;
			children = (
				E79CBE87FABAB0DC27FFCAA6 /* EsthioSotaria_iOS.app */,
				05A04D73BC88717477218032 /* EsthioSotaria_macOS.app */,
			);
			name = Products;
			sourceTree = "<group>";
		};
		A7B1542397DE6B6D65F798D2 /* Onboarding */ = {
			isa = PBXGroup;
			children = (
				DE5C910B53912E00585A0402 /* OnboardingLocatingView.swift */,
				BB8803F6740ACA3BAF9A8490 /* OnboardingManualEntryView.swift */,
				652398B3F95F508FDAD663FF /* OnboardingStorePickerView.swift */,
				5291BB8BAF72FFB0D12BED32 /* OnboardingWelcomeView.swift */,
			);
			path = Onboarding;
			sourceTree = "<group>";
		};
		BBEDD0CFFD9639C72E4B779C = {
			isa = PBXGroup;
			children = (
				4D69D1EB043185223AE99119 /* App */,
				E5D0D626921B11D929E8FF34 /* Packages */,
				99FE470C46F9F2C77E58B1F6 /* Products */,
			);
			sourceTree = "<group>";
		};
		D9E9D23EF773B47E900EFFA4 /* ViewModels */ = {
			isa = PBXGroup;
			children = (
				31371B9D08F43FB8F7241FF9 /* RecallListViewModel.swift */,
			);
			path = ViewModels;
			sourceTree = "<group>";
		};
		E536002A27DE2CA73F0750D1 /* Design */ = {
			isa = PBXGroup;
			children = (
				E7CF4A520CB609CDEAF93994 /* DesignGalleryView.swift */,
				1936B6CA81431AB498761B14 /* DesignTokens.swift */,
				A21DE389133E2E39A4945899 /* MockData.swift */,
			);
			path = Design;
			sourceTree = "<group>";
		};
		E5D0D626921B11D929E8FF34 /* Packages */ = {
			isa = PBXGroup;
			children = (
				B6BF2C5F533938CE8005CAAE /* RecallKit */,
			);
			name = Packages;
			sourceTree = "<group>";
		};
/* End PBXGroup section */

/* Begin PBXNativeTarget section */
		8C74BDFCA89E631A92AD5B5F /* EsthioSotaria_iOS */ = {
			isa = PBXNativeTarget;
			buildConfigurationList = 0F9736C2BA19D50DC4431AFF /* Build configuration list for PBXNativeTarget "EsthioSotaria_iOS" */;
			buildPhases = (
				22BCC44EC591311407934084 /* Sources */,
				6DFD60C2061BECA587E0CC52 /* Frameworks */,
			);
			buildRules = (
			);
			dependencies = (
			);
			name = EsthioSotaria_iOS;
			packageProductDependencies = (
				604E20E1790ECA03B145C09D /* RecallKit */,
			);
			productName = EsthioSotaria_iOS;
			productReference = E79CBE87FABAB0DC27FFCAA6 /* EsthioSotaria_iOS.app */;
			productType = "com.apple.product-type.application";
		};
		B72EC1F46E012E3ED687C7D5 /* EsthioSotaria_macOS */ = {
			isa = PBXNativeTarget;
			buildConfigurationList = 5B4AD41F9A57830702ECC803 /* Build configuration list for PBXNativeTarget "EsthioSotaria_macOS" */;
			buildPhases = (
				F9E68EE4342CEA7AB51BB7B4 /* Sources */,
				E9C4CAC229829CA91D536011 /* Frameworks */,
			);
			buildRules = (
			);
			dependencies = (
			);
			name = EsthioSotaria_macOS;
			packageProductDependencies = (
				F4C5A4A45C3B1B01EA7F24B0 /* RecallKit */,
			);
			productName = EsthioSotaria_macOS;
			productReference = 05A04D73BC88717477218032 /* EsthioSotaria_macOS.app */;
			productType = "com.apple.product-type.application";
		};
/* End PBXNativeTarget section */

/* Begin PBXProject section */
		6705B0D922505BF623FFBDFD /* Project object */ = {
			isa = PBXProject;
			attributes = {
				BuildIndependentTargetsInParallel = YES;
				LastUpgradeCheck = 1430;
				TargetAttributes = {
					8C74BDFCA89E631A92AD5B5F = {
						ProvisioningStyle = Automatic;
					};
				};
			};
			buildConfigurationList = 3CE0E4AD7B058223F8E1B48F /* Build configuration list for PBXProject "EsthioSotaria" */;
			developmentRegion = en;
			hasScannedForEncodings = 0;
			knownRegions = (
				Base,
				en,
			);
			mainGroup = BBEDD0CFFD9639C72E4B779C;
			minimizedProjectReferenceProxies = 1;
			packageReferences = (
				33617B23E2FB301DB540D74F /* XCLocalSwiftPackageReference "RecallKit" */,
			);
			preferredProjectObjectVersion = 77;
			productRefGroup = 99FE470C46F9F2C77E58B1F6 /* Products */;
			projectDirPath = "";
			projectRoot = "";
			targets = (
				8C74BDFCA89E631A92AD5B5F /* EsthioSotaria_iOS */,
				B72EC1F46E012E3ED687C7D5 /* EsthioSotaria_macOS */,
			);
		};
/* End PBXProject section */

/* Begin PBXSourcesBuildPhase section */
		22BCC44EC591311407934084 /* Sources */ = {
			isa = PBXSourcesBuildPhase;
			buildActionMask = 2147483647;
			files = (
				7A3E4665BEDB7D72455BD2A8 /* DesignGalleryView.swift in Sources */,
				EE617565AFB7A3AF5823151E /* DesignTokens.swift in Sources */,
				52A3F53D6405056A8E2F81A8 /* EsthiosotariaApp.swift in Sources */,
				AF47219554285C16F719CD4C /* LocationService.swift in Sources */,
				01B539E9269E45EFCC3FA621 /* MockData.swift in Sources */,
				41C95569E511AC2126E0B5CF /* NotificationScheduler.swift in Sources */,
				50AEF0976A4AE0823A2211FF /* OnboardingLocatingView.swift in Sources */,
				44D6D13292CE7E809822ABF1 /* OnboardingManualEntryView.swift in Sources */,
				17608CB256DC240634161598 /* OnboardingStorePickerView.swift in Sources */,
				86CDA887D0E7ADBCBE9B5414 /* OnboardingView.swift in Sources */,
				F4CAD5E795C3BDB381D74551 /* OnboardingWelcomeView.swift in Sources */,
				FB9D1101C175227806D208DE /* RecallDetailView.swift in Sources */,
				326A2CFD796B587EAE39CD91 /* RecallListView.swift in Sources */,
				19892B6D64206C57FD5C1450 /* RecallListViewModel.swift in Sources */,
				D4B28D07F9ADCBE16204995B /* RecallRowView.swift in Sources */,
				25025E6B6BE18A4EF0F89FE4 /* RootView.swift in Sources */,
				DCE56BF7209EB052B1F7B07E /* SettingsView.swift in Sources */,
				FDC9B6CFE3D7319E24FABE74 /* StoreDiscoveryService.swift in Sources */,
				7F3D50933B5970D06ABFE843 /* UserSettingsStore.swift in Sources */,
			);
			runOnlyForDeploymentPostprocessing = 0;
		};
		F9E68EE4342CEA7AB51BB7B4 /* Sources */ = {
			isa = PBXSourcesBuildPhase;
			buildActionMask = 2147483647;
			files = (
				F400F885C541A7441FF0A68E /* DesignGalleryView.swift in Sources */,
				C4FBF469CEB1041CBF7A9E3C /* DesignTokens.swift in Sources */,
				96B568137F78A138182E3172 /* EsthiosotariaApp.swift in Sources */,
				3D9A569BFA5B4A84A7372629 /* LocationService.swift in Sources */,
				6B002BCDBA7DE745B8DF4ABA /* MockData.swift in Sources */,
				98A88F3523407D9FC3D06581 /* NotificationScheduler.swift in Sources */,
				7B9EF0FAD03A7E33FE4C71BC /* OnboardingLocatingView.swift in Sources */,
				183EA9965CFDFD86A70ED1B5 /* OnboardingManualEntryView.swift in Sources */,
				D0D773FED8FCC7070F114948 /* OnboardingStorePickerView.swift in Sources */,
				2E0CE6E61163BFCFB0A64F26 /* OnboardingView.swift in Sources */,
				EA215A350E62A2EC9D9144C0 /* OnboardingWelcomeView.swift in Sources */,
				D05DE33E914851981C70E343 /* RecallDetailView.swift in Sources */,
				6EF233FAA50BDD930B2A3440 /* RecallListView.swift in Sources */,
				70B568ED01C33BBCCCA83791 /* RecallListViewModel.swift in Sources */,
				C4B389BA93E9FAFB077F68FA /* RecallRowView.swift in Sources */,
				91FCD9A6B58FB2B4C1D77A4F /* RootView.swift in Sources */,
				6110C1325CD14DAC6374E507 /* SettingsView.swift in Sources */,
				6CB4DBE94FE579A32CA858E9 /* StoreDiscoveryService.swift in Sources */,
				CECC6365721648A28ECA8AC2 /* UserSettingsStore.swift in Sources */,
			);
			runOnlyForDeploymentPostprocessing = 0;
		};
/* End PBXSourcesBuildPhase section */

/* Begin XCBuildConfiguration section */
		2C5DC16DEB126FCDEAE0FDED /* Debug */ = {
			isa = XCBuildConfiguration;
			buildSettings = {
				ASSETCATALOG_COMPILER_APPICON_NAME = AppIcon;
				CODE_SIGN_IDENTITY = "iPhone Developer";
				CODE_SIGN_STYLE = Automatic;
				INFOPLIST_FILE = App/Info.plist;
				LD_RUNPATH_SEARCH_PATHS = (
					"$(inherited)",
					"@executable_path/Frameworks",
				);
				PRODUCT_BUNDLE_IDENTIFIER = dev.tinyvelocet.esthiosotaria;
				SDKROOT = iphoneos;
				TARGETED_DEVICE_FAMILY = "1,2";
			};
			name = Debug;
		};
		60ED9EC859283FA0DB8E55CB /* Release */ = {
			isa = XCBuildConfiguration;
			buildSettings = {
				ASSETCATALOG_COMPILER_APPICON_NAME = AppIcon;
				CODE_SIGN_ENTITLEMENTS = "App/EsthioSotaria-macOS.entitlements";
				COMBINE_HIDPI_IMAGES = YES;
				ENABLE_HARDENED_RUNTIME = YES;
				INFOPLIST_FILE = App/Info.plist;
				LD_RUNPATH_SEARCH_PATHS = (
					"$(inherited)",
					"@executable_path/../Frameworks",
				);
				PRODUCT_BUNDLE_IDENTIFIER = dev.tinyvelocet.esthiosotaria;
				SDKROOT = macosx;
			};
			name = Release;
		};
		6E1354C58EEADE374EA326E1 /* Debug */ = {
			isa = XCBuildConfiguration;
			buildSettings = {
				ASSETCATALOG_COMPILER_APPICON_NAME = AppIcon;
				CODE_SIGN_ENTITLEMENTS = "App/EsthioSotaria-macOS.entitlements";
				COMBINE_HIDPI_IMAGES = YES;
				ENABLE_HARDENED_RUNTIME = YES;
				INFOPLIST_FILE = App/Info.plist;
				LD_RUNPATH_SEARCH_PATHS = (
					"$(inherited)",
					"@executable_path/../Frameworks",
				);
				PRODUCT_BUNDLE_IDENTIFIER = dev.tinyvelocet.esthiosotaria;
				SDKROOT = macosx;
			};
			name = Debug;
		};
		AD69B198FF9AB0F27FD106B2 /* Release */ = {
			isa = XCBuildConfiguration;
			buildSettings = {
				ASSETCATALOG_COMPILER_APPICON_NAME = AppIcon;
				CODE_SIGN_IDENTITY = "iPhone Developer";
				CODE_SIGN_STYLE = Automatic;
				INFOPLIST_FILE = App/Info.plist;
				LD_RUNPATH_SEARCH_PATHS = (
					"$(inherited)",
					"@executable_path/Frameworks",
				);
				PRODUCT_BUNDLE_IDENTIFIER = dev.tinyvelocet.esthiosotaria;
				SDKROOT = iphoneos;
				TARGETED_DEVICE_FAMILY = "1,2";
			};
			name = Release;
		};
		CB4748240DE873A09612DFE2 /* Release */ = {
			isa = XCBuildConfiguration;
			buildSettings = {
				ALWAYS_SEARCH_USER_PATHS = NO;
				CLANG_ANALYZER_NONNULL = YES;
				CLANG_ANALYZER_NUMBER_OBJECT_CONVERSION = YES_AGGRESSIVE;
				CLANG_CXX_LANGUAGE_STANDARD = "gnu++14";
				CLANG_CXX_LIBRARY = "libc++";
				CLANG_ENABLE_MODULES = YES;
				CLANG_ENABLE_OBJC_ARC = YES;
				CLANG_ENABLE_OBJC_WEAK = YES;
				CLANG_WARN_BLOCK_CAPTURE_AUTORELEASING = YES;
				CLANG_WARN_BOOL_CONVERSION = YES;
				CLANG_WARN_COMMA = YES;
				CLANG_WARN_CONSTANT_CONVERSION = YES;
				CLANG_WARN_DEPRECATED_OBJC_IMPLEMENTATIONS = YES;
				CLANG_WARN_DIRECT_OBJC_ISA_USAGE = YES_ERROR;
				CLANG_WARN_DOCUMENTATION_COMMENTS = YES;
				CLANG_WARN_EMPTY_BODY = YES;
				CLANG_WARN_ENUM_CONVERSION = YES;
				CLANG_WARN_INFINITE_RECURSION = YES;
				CLANG_WARN_INT_CONVERSION = YES;
				CLANG_WARN_NON_LITERAL_NULL_CONVERSION = YES;
				CLANG_WARN_OBJC_IMPLICIT_RETAIN_SELF = YES;
				CLANG_WARN_OBJC_LITERAL_CONVERSION = YES;
				CLANG_WARN_OBJC_ROOT_CLASS = YES_ERROR;
				CLANG_WARN_QUOTED_INCLUDE_IN_FRAMEWORK_HEADER = YES;
				CLANG_WARN_RANGE_LOOP_ANALYSIS = YES;
				CLANG_WARN_STRICT_PROTOTYPES = YES;
				CLANG_WARN_SUSPICIOUS_MOVE = YES;
				CLANG_WARN_UNGUARDED_AVAILABILITY = YES_AGGRESSIVE;
				CLANG_WARN_UNREACHABLE_CODE = YES;
				CLANG_WARN__DUPLICATE_METHOD_MATCH = YES;
				COPY_PHASE_STRIP = NO;
				CURRENT_PROJECT_VERSION = 1;
				DEBUG_INFORMATION_FORMAT = "dwarf-with-dsym";
				ENABLE_NS_ASSERTIONS = NO;
				ENABLE_STRICT_OBJC_MSGSEND = YES;
				ENABLE_USER_SCRIPT_SANDBOXING = NO;
				GCC_C_LANGUAGE_STANDARD = gnu11;
				GCC_NO_COMMON_BLOCKS = YES;
				GCC_WARN_64_TO_32_BIT_CONVERSION = YES;
				GCC_WARN_ABOUT_RETURN_TYPE = YES_ERROR;
				GCC_WARN_UNDECLARED_SELECTOR = YES;
				GCC_WARN_UNINITIALIZED_AUTOS = YES_AGGRESSIVE;
				GCC_WARN_UNUSED_FUNCTION = YES;
				GCC_WARN_UNUSED_VARIABLE = YES;
				IPHONEOS_DEPLOYMENT_TARGET = 17.0;
				MACOSX_DEPLOYMENT_TARGET = 14.0;
				MARKETING_VERSION = 0.1.0;
				MTL_ENABLE_DEBUG_INFO = NO;
				MTL_FAST_MATH = YES;
				PRODUCT_NAME = "$(TARGET_NAME)";
				SWIFT_COMPILATION_MODE = wholemodule;
				SWIFT_OPTIMIZATION_LEVEL = "-O";
				SWIFT_VERSION = 5.10;
			};
			name = Release;
		};
		F8C61487891E935D8B3B2796 /* Debug */ = {
			isa = XCBuildConfiguration;
			buildSettings = {
				ALWAYS_SEARCH_USER_PATHS = NO;
				CLANG_ANALYZER_NONNULL = YES;
				CLANG_ANALYZER_NUMBER_OBJECT_CONVERSION = YES_AGGRESSIVE;
				CLANG_CXX_LANGUAGE_STANDARD = "gnu++14";
				CLANG_CXX_LIBRARY = "libc++";
				CLANG_ENABLE_MODULES = YES;
				CLANG_ENABLE_OBJC_ARC = YES;
				CLANG_ENABLE_OBJC_WEAK = YES;
				CLANG_WARN_BLOCK_CAPTURE_AUTORELEASING = YES;
				CLANG_WARN_BOOL_CONVERSION = YES;
				CLANG_WARN_COMMA = YES;
				CLANG_WARN_CONSTANT_CONVERSION = YES;
				CLANG_WARN_DEPRECATED_OBJC_IMPLEMENTATIONS = YES;
				CLANG_WARN_DIRECT_OBJC_ISA_USAGE = YES_ERROR;
				CLANG_WARN_DOCUMENTATION_COMMENTS = YES;
				CLANG_WARN_EMPTY_BODY = YES;
				CLANG_WARN_ENUM_CONVERSION = YES;
				CLANG_WARN_INFINITE_RECURSION = YES;
				CLANG_WARN_INT_CONVERSION = YES;
				CLANG_WARN_NON_LITERAL_NULL_CONVERSION = YES;
				CLANG_WARN_OBJC_IMPLICIT_RETAIN_SELF = YES;
				CLANG_WARN_OBJC_LITERAL_CONVERSION = YES;
				CLANG_WARN_OBJC_ROOT_CLASS = YES_ERROR;
				CLANG_WARN_QUOTED_INCLUDE_IN_FRAMEWORK_HEADER = YES;
				CLANG_WARN_RANGE_LOOP_ANALYSIS = YES;
				CLANG_WARN_STRICT_PROTOTYPES = YES;
				CLANG_WARN_SUSPICIOUS_MOVE = YES;
				CLANG_WARN_UNGUARDED_AVAILABILITY = YES_AGGRESSIVE;
				CLANG_WARN_UNREACHABLE_CODE = YES;
				CLANG_WARN__DUPLICATE_METHOD_MATCH = YES;
				COPY_PHASE_STRIP = NO;
				CURRENT_PROJECT_VERSION = 1;
				DEBUG_INFORMATION_FORMAT = dwarf;
				ENABLE_STRICT_OBJC_MSGSEND = YES;
				ENABLE_TESTABILITY = YES;
				ENABLE_USER_SCRIPT_SANDBOXING = NO;
				GCC_C_LANGUAGE_STANDARD = gnu11;
				GCC_DYNAMIC_NO_PIC = NO;
				GCC_NO_COMMON_BLOCKS = YES;
				GCC_OPTIMIZATION_LEVEL = 0;
				GCC_PREPROCESSOR_DEFINITIONS = (
					"$(inherited)",
					"DEBUG=1",
				);
				GCC_WARN_64_TO_32_BIT_CONVERSION = YES;
				GCC_WARN_ABOUT_RETURN_TYPE = YES_ERROR;
				GCC_WARN_UNDECLARED_SELECTOR = YES;
				GCC_WARN_UNINITIALIZED_AUTOS = YES_AGGRESSIVE;
				GCC_WARN_UNUSED_FUNCTION = YES;
				GCC_WARN_UNUSED_VARIABLE = YES;
				IPHONEOS_DEPLOYMENT_TARGET = 17.0;
				MACOSX_DEPLOYMENT_TARGET = 14.0;
				MARKETING_VERSION = 0.1.0;
				MTL_ENABLE_DEBUG_INFO = INCLUDE_SOURCE;
				MTL_FAST_MATH = YES;
				ONLY_ACTIVE_ARCH = YES;
				PRODUCT_NAME = "$(TARGET_NAME)";
				SWIFT_ACTIVE_COMPILATION_CONDITIONS = DEBUG;
				SWIFT_OPTIMIZATION_LEVEL = "-Onone";
				SWIFT_VERSION = 5.10;
			};
			name = Debug;
		};
/* End XCBuildConfiguration section */

/* Begin XCConfigurationList section */
		0F9736C2BA19D50DC4431AFF /* Build configuration list for PBXNativeTarget "EsthioSotaria_iOS" */ = {
			isa = XCConfigurationList;
			buildConfigurations = (
				2C5DC16DEB126FCDEAE0FDED /* Debug */,
				AD69B198FF9AB0F27FD106B2 /* Release */,
			);
			defaultConfigurationIsVisible = 0;
			defaultConfigurationName = Debug;
		};
		3CE0E4AD7B058223F8E1B48F /* Build configuration list for PBXProject "EsthioSotaria" */ = {
			isa = XCConfigurationList;
			buildConfigurations = (
				F8C61487891E935D8B3B2796 /* Debug */,
				CB4748240DE873A09612DFE2 /* Release */,
			);
			defaultConfigurationIsVisible = 0;
			defaultConfigurationName = Debug;
		};
		5B4AD41F9A57830702ECC803 /* Build configuration list for PBXNativeTarget "EsthioSotaria_macOS" */ = {
			isa = XCConfigurationList;
			buildConfigurations = (
				6E1354C58EEADE374EA326E1 /* Debug */,
				60ED9EC859283FA0DB8E55CB /* Release */,
			);
			defaultConfigurationIsVisible = 0;
			defaultConfigurationName = Debug;
		};
/* End XCConfigurationList section */

/* Begin XCLocalSwiftPackageReference section */
		33617B23E2FB301DB540D74F /* XCLocalSwiftPackageReference "RecallKit" */ = {
			isa = XCLocalSwiftPackageReference;
			relativePath = RecallKit;
		};
/* End XCLocalSwiftPackageReference section */

/* Begin XCSwiftPackageProductDependency section */
		604E20E1790ECA03B145C09D /* RecallKit */ = {
			isa = XCSwiftPackageProductDependency;
			productName = RecallKit;
		};
		F4C5A4A45C3B1B01EA7F24B0 /* RecallKit */ = {
			isa = XCSwiftPackageProductDependency;
			productName = RecallKit;
		};
/* End XCSwiftPackageProductDependency section */
	};
	rootObject = 6705B0D922505BF623FFBDFD /* Project object */;
}
