// !$*UTF8*$!
{
	archiveVersion = 1;
	classes = {
	};
	objectVersion = 77;
	objects = {

/* Begin PBXBuildFile section */
		01B539E9269E45EFCC3FA621 /* MockData.swift in Sources */ = {isa = PBXBuildFile; fileRef = A21DE389133E2E39A4945899 /* MockData.swift */; };
		0688B909F6BAD02104D1E939 /* RecallTimelineProvider.swift in Sources */ = {isa = PBXBuildFile; fileRef = EBD9852A948EDCEB5B1A4D6A /* RecallTimelineProvider.swift */; };
		0F7F067512FC283CDB127A1D /* RecallWidget.swift in Sources */ = {isa = PBXBuildFile; fileRef = FE5EB70364DB56439B8A414B /* RecallWidget.swift */; };
		152B2B350BA52402461A2212 /* RecallKit in Frameworks */ = {isa = PBXBuildFile; productRef = 0D6604FC6897F340C58ADE02 /* RecallKit */; };
		17608CB256DC240634161598 /* OnboardingStorePickerView.swift in Sources */ = {isa = PBXBuildFile; fileRef = 652398B3F95F508FDAD663FF /* OnboardingStorePickerView.swift */; };
		183EA9965CFDFD86A70ED1B5 /* OnboardingManualEntryView.swift in Sources */ = {isa = PBXBuildFile; fileRef = BB8803F6740ACA3BAF9A8490 /* OnboardingManualEntryView.swift */; };
		19892B6D64206C57FD5C1450 /* RecallListViewModel.swift in Sources */ = {isa = PBXBuildFile; fileRef = 31371B9D08F43FB8F7241FF9 /* RecallListViewModel.swift */; };
		25025E6B6BE18A4EF0F89FE4 /* RootView.swift in Sources */ = {isa = PBXBuildFile; fileRef = E9B919A53830848335705167 /* RootView.swift */; };
		2E0CE6E61163BFCFB0A64F26 /* OnboardingView.swift in Sources */ = {isa = PBXBuildFile; fileRef = 1E28F0EE43C635A8E39CE955 /* OnboardingView.swift */; };
		31EC06D587E8F0D4FD210DC1 /* RecallWidget.swift in Sources */ = {isa = PBXBuildFile; fileRef = FE5EB70364DB56439B8A414B /* RecallWidget.swift */; };
		326A2CFD796B587EAE39CD91 /* RecallListView.swift in Sources */ = {isa = PBXBuildFile; fileRef = 74813730C740907548951A4D /* RecallListView.swift */; };
		3D9A569BFA5B4A84A7372629 /* LocationService.swift in Sources */ = {isa = PBXBuildFile; fileRef = 749AC61E5D7802C215876034 /* LocationService.swift */; };
		41C95569E511AC2126E0B5CF /* NotificationScheduler.swift in Sources */ = {isa = PBXBuildFile; fileRef = 2C8304011099B618A0C12BAB /* NotificationScheduler.swift */; };
		44D6D13292CE7E809822ABF1 /* OnboardingManualEntryView.swift in Sources */ = {isa = PBXBuildFile; fileRef = BB8803F6740ACA3BAF9A8490 /* OnboardingManualEntryView.swift */; };
		47499F4DD35D76F35CADE7D6 /* RecallKit in Frameworks */ = {isa = PBXBuildFile; productRef = 604E20E1790ECA03B145C09D /* RecallKit */; };
		4AE187CEF0057522B9ABE012 /* EsthioSotariaWidget_iOS.appex in Embed Foundation Extensions */ = {isa = PBXBuildFile; fileRef = AB8F15FCE82D4E23573E821D /* EsthioSotariaWidget_iOS.appex */; settings = {ATTRIBUTES = (RemoveHeadersOnCopy, ); }; };
		50AEF0976A4AE0823A2211FF /* OnboardingLocatingView.swift in Sources */ = {isa = PBXBuildFile; fileRef = DE5C910B53912E00585A0402 /* OnboardingLocatingView.swift */; };
		517F41332AD376094B61F49F /* RecallTimelineProvider.swift in Sources */ = {isa = PBXBuildFile; fileRef = EBD9852A948EDCEB5B1A4D6A /* RecallTimelineProvider.swift */; };
		52A3F53D6405056A8E2F81A8 /* EsthiosotariaApp.swift in Sources */ = {isa = PBXBuildFile; fileRef = BA300C405F7B98423A5E8C1A /* EsthiosotariaApp.swift */; };
		55D84D59CDCBD2CC86A099F5 /* RecallKit in Frameworks */ = {isa = PBXBuildFile; productRef = F4C5A4A45C3B1B01EA7F24B0 /* RecallKit */; };
		6110C1325CD14DAC6374E507 /* SettingsView.swift in Sources */ = {isa = PBXBuildFile; fileRef = 5BD33BDE03B89B9D9FFB068D /* SettingsView.swift */; };
		6B002BCDBA7DE745B8DF4ABA /* MockData.swift in Sources */ = {isa = PBXBuildFile; fileRef = A21DE389133E2E39A4945899 /* MockData.swift */; };
		6CB4DBE94FE579A32CA858E9 /* StoreDiscoveryService.swift in Sources */ = {isa = PBXBuildFile; fileRef = 5465F34631498D6C6FC665FE /* StoreDiscoveryService.swift */; };
		6EF233FAA50BDD930B2A3440 /* RecallListView.swift in Sources */ = {isa = PBXBuildFile; fileRef = 74813730C740907548951A4D /* RecallListView.swift */; };
		70B568ED01C33BBCCCA83791 /* RecallListViewModel.swift in Sources */ = {isa = PBXBuildFile; fileRef = 31371B9D08F43FB8F7241FF9 /* RecallListViewModel.swift */; };
		790A3E8801A4EAE14B7F403B /* RecallKit in Frameworks */ = {isa = PBXBuildFile; productRef = E997D5264EB446A17E0C3717 /* RecallKit */; };
		7A3E4665BEDB7D72455BD2A8 /* DesignGalleryView.swift in Sources */ = {isa = PBXBuildFile; fileRef = E7CF4A520CB609CDEAF93994 /* DesignGalleryView.swift */; };
		7B9EF0FAD03A7E33FE4C71BC /* OnboardingLocatingView.swift in Sources */ = {isa = PBXBuildFile; fileRef = DE5C910B53912E00585A0402 /* OnboardingLocatingView.swift */; };
		7F3D50933B5970D06ABFE843 /* UserSettingsStore.swift in Sources */ = {isa = PBXBuildFile; fileRef = C7F890DFAD2082A12B035047 /* UserSettingsStore.swift */; };
		86CDA887D0E7ADBCBE9B5414 /* OnboardingView.swift in Sources */ = {isa = PBXBuildFile; fileRef = 1E28F0EE43C635A8E39CE955 /* OnboardingView.swift */; };
		8BB9444E2356A9140D38177A /* BackgroundRefresh.swift in Sources */ = {isa = PBXBuildFile; fileRef = 7DCAFB7F69C370ACA39B507F /* BackgroundRefresh.swift */; };
		91FCD9A6B58FB2B4C1D77A4F /* RootView.swift in Sources */ = {isa = PBXBuildFile; fileRef = E9B919A53830848335705167 /* RootView.swift */; };
		96B568137F78A138182E3172 /* EsthiosotariaApp.swift in Sources */ = {isa = PBXBuildFile; fileRef = BA300C405F7B98423A5E8C1A /* EsthiosotariaApp.swift */; };
		98A88F3523407D9FC3D06581 /* NotificationScheduler.swift in Sources */ = {isa = PBXBuildFile; fileRef = 2C8304011099B618A0C12BAB /* NotificationScheduler.swift */; };
		A5C83DD78631E3B8291066AE /* RecallWidgetEntryView.swift in Sources */ = {isa = PBXBuildFile; fileRef = B4697629BCB109E6AB24565D /* RecallWidgetEntryView.swift */; };
		AF47219554285C16F719CD4C /* LocationService.swift in Sources */ = {isa = PBXBuildFile; fileRef = 749AC61E5D7802C215876034 /* LocationService.swift */; };
		BCA5447515D69C9963964022 /* RecallWidgetEntryView.swift in Sources */ = {isa = PBXBuildFile; fileRef = B4697629BCB109E6AB24565D /* RecallWidgetEntryView.swift */; };
		C4B389BA93E9FAFB077F68FA /* RecallRowView.swift in Sources */ = {isa = PBXBuildFile; fileRef = B15D98B15FBAD37986B5D1CA /* RecallRowView.swift */; };
		C4FBF469CEB1041CBF7A9E3C /* DesignTokens.swift in Sources */ = {isa = PBXBuildFile; fileRef = 1936B6CA81431AB498761B14 /* DesignTokens.swift */; };
		CECC6365721648A28ECA8AC2 /* UserSettingsStore.swift in Sources */ = {isa = PBXBuildFile; fileRef = C7F890DFAD2082A12B035047 /* UserSettingsStore.swift */; };
		CFB20D49482256D89041B6E2 /* EsthioSotariaWidget_macOS.appex in Embed Foundation Extensions */ = {isa = PBXBuildFile; fileRef = B85398D8920CC0688C14F9B5 /* EsthioSotariaWidget_macOS.appex */; settings = {ATTRIBUTES = (RemoveHeadersOnCopy, ); }; };
		D05DE33E914851981C70E343 /* RecallDetailView.swift in Sources */ = {isa = PBXBuildFile; fileRef = 41D66057A787A480252B9CE0 /* RecallDetailView.swift */; };
		D0D773FED8FCC7070F114948 /* OnboardingStorePickerView.swift in Sources */ = {isa = PBXBuildFile; fileRef = 652398B3F95F508FDAD663FF /* OnboardingStorePickerView.swift */; };
		D4B28D07F9ADCBE16204995B /* RecallRowView.swift in Sources */ = {isa = PBXBuildFile; fileRef = B15D98B15FBAD37986B5D1CA /* RecallRowView.swift */; };
		DCE56BF7209EB052B1F7B07E /* SettingsView.swift in Sources */ = {isa = PBXBuildFile; fileRef = 5BD33BDE03B89B9D9FFB068D /* SettingsView.swift */; };
		DDF42BD256BE64C575781861 /* BackgroundRefresh.swift in Sources */ = {isa = PBXBuildFile; fileRef = 7DCAFB7F69C370ACA39B507F /* BackgroundRefresh.swift */; };
		EA215A350E62A2EC9D9144C0 /* OnboardingWelcomeView.swift in Sources */ = {isa = PBXBuildFile; fileRef = 5291BB8BAF72FFB0D12BED32 /* OnboardingWelcomeView.swift */; };
		EE617565AFB7A3AF5823151E /* DesignTokens.swift in Sources */ = {isa = PBXBuildFile; fileRef = 1936B6CA81431AB498761B14 /* DesignTokens.swift */; };
		F400F885C541A7441FF0A68E /* DesignGalleryView.swift in Sources */ = {isa = PBXBuildFile; fileRef = E7CF4A520CB609CDEAF93994 /* DesignGalleryView.swift */; };
		F4CAD5E795C3BDB381D74551 /* OnboardingWelcomeView.swift in Sources */ = {isa = PBXBuildFile; fileRef = 5291BB8BAF72FFB0D12BED32 /* OnboardingWelcomeView.swift */; };
		FB9D1101C175227806D208DE /* RecallDetailView.swift in Sources */ = {isa = PBXBuildFile; fileRef = 41D66057A787A480252B9CE0 /* RecallDetailView.swift */; };
		FDC9B6CFE3D7319E24FABE74 /* StoreDiscoveryService.swift in Sources */ = {isa = PBXBuildFile; fileRef = 5465F34631498D6C6FC665FE /* StoreDiscoveryService.swift */; };
/* End PBXBuildFile section */

/* Begin PBXContainerItemProxy section */
		1EDD4B2B5BE467465CEDE5DC /* PBXContainerItemProxy */ = {
			isa = PBXContainerItemProxy;
			containerPortal = 6705B0D922505BF623FFBDFD /* Project object */;
			proxyType = 1;
			remoteGlobalIDString = B527563104368DA8810EB397;
			remoteInfo = EsthioSotariaWidget_macOS;
		};
		5F9D99A0DD5BDFCE768DBEDB /* PBXContainerItemProxy */ = {
			isa = PBXContainerItemProxy;
			containerPortal = 6705B0D922505BF623FFBDFD /* Project object */;
			proxyType = 1;
			remoteGlobalIDString = A36F2E90D152FEE9290078BD;
			remoteInfo = EsthioSotariaWidget_iOS;
		};
/* End PBXContainerItemProxy section */

/* Begin PBXCopyFilesBuildPhase section */
		4DBCBB29A947D433495F6A38 /* Embed Foundation Extensions */ = {
			isa = PBXCopyFilesBuildPhase;
			buildActionMask = 2147483647;
			dstPath = "";
			dstSubfolderSpec = 13;
			files = (
				4AE187CEF0057522B9ABE012 /* EsthioSotariaWidget_iOS.appex in Embed Foundation Extensions */,
			);
			name = "Embed Foundation Extensions";
			runOnlyForDeploymentPostprocessing = 0;
		};
		B97721AF41AFDF13A8BA369F /* Embed Foundation Extensions */ = {
			isa = PBXCopyFilesBuildPhase;
			buildActionMask = 2147483647;
			dstPath = "";
			dstSubfolderSpec = 13;
			files = (
				CFB20D49482256D89041B6E2 /* EsthioSotariaWidget_macOS.appex in Embed Foundation Extensions */,
			);
			name = "Embed Foundation Extensions";
			runOnlyForDeploymentPostprocessing = 0;
		};
/* End PBXCopyFilesBuildPhase section */

/* Begin PBXFileReference section */
		05A04D73BC88717477218032 /* EsthioSotaria_macOS.app */ = {isa = PBXFileReference; explicitFileType = wrapper.application; includeInIndex = 0; path = EsthioSotaria_macOS.app; sourceTree = BUILT_PRODUCTS_DIR; };
		1936B6CA81431AB498761B14 /* DesignTokens.swift */ = {isa = PBXFileReference; lastKnownFileType = sourcecode.swift; path = DesignTokens.swift; sourceTree = "<group>"; };
		1E28F0EE43C635A8E39CE955 /* OnboardingView.swift */ = {isa = PBXFileReference; lastKnownFileType = sourcecode.swift; path = OnboardingView.swift; sourceTree = "<group>"; };
		2C8304011099B618A0C12BAB /* NotificationScheduler.swift */ = {isa = PBXFileReference; lastKnownFileType = sourcecode.swift; path = NotificationScheduler.swift; sourceTree = "<group>"; };
		31371B9D08F43FB8F7241FF9 /* RecallListViewModel.swift */ = {isa = PBXFileReference; lastKnownFileType = sourcecode.swift; path = RecallListViewModel.swift; sourceTree = "<group>"; };
		41D66057A787A480252B9CE0 /* RecallDetailView.swift */ = {isa = PBXFileReference; lastKnownFileType = sourcecode.swift; path = RecallDetailView.swift; sourceTree = "<group>"; };
		5291BB8BAF72FFB0D12BED32 /* OnboardingWelcomeView.swift */ = {isa = PBXFileReference; lastKnownFileType = sourcecode.swift; path = OnboardingWelcomeView.swift; sourceTree = "<group>"; };
		5465F34631498D6C6FC665FE /* StoreDiscoveryService.swift */ = {isa = PBXFileReference; lastKnownFileType = sourcecode.swift; path = StoreDiscoveryService.swift; sourceTree = "<group>"; };
		5BD33BDE03B89B9D9FFB068D /* SettingsView.swift */ = {isa = PBXFileReference; lastKnownFileType = sourcecode.swift; path = SettingsView.swift; sourceTree = "<group>"; };
		652398B3F95F508FDAD663FF /* OnboardingStorePickerView.swift */ = {isa = PBXFileReference; lastKnownFileType = sourcecode.swift; path = OnboardingStorePickerView.swift; sourceTree = "<group>"; };
		74813730C740907548951A4D /* RecallListView.swift */ = {isa = PBXFileReference; lastKnownFileType = sourcecode.swift; path = RecallListView.swift; sourceTree = "<group>"; };
		749AC61E5D7802C215876034 /* LocationService.swift */ = {isa = PBXFileReference; lastKnownFileType = sourcecode.swift; path = LocationService.swift; sourceTree = "<group>"; };
		7DCAFB7F69C370ACA39B507F /* BackgroundRefresh.swift */ = {isa = PBXFileReference; lastKnownFileType = sourcecode.swift; path = BackgroundRefresh.swift; sourceTree = "<group>"; };
		9F75C1C17EDC401A43143560 /* Info.plist */ = {isa = PBXFileReference; lastKnownFileType = text.plist; path = Info.plist; sourceTree = "<group>"; };
		A21DE389133E2E39A4945899 /* MockData.swift */ = {isa = PBXFileReference; lastKnownFileType = sourcecode.swift; path = MockData.swift; sourceTree = "<group>"; };
		A58CE7131440EB52F3CED06D /* Info.plist */ = {isa = PBXFileReference; lastKnownFileType = text.plist; path = Info.plist; sourceTree = "<group>"; };
		AB8F15FCE82D4E23573E821D /* EsthioSotariaWidget_iOS.appex */ = {isa = PBXFileReference; includeInIndex = 0; lastKnownFileType = "wrapper.app-extension"; path = EsthioSotariaWidget_iOS.appex; sourceTree = BUILT_PRODUCTS_DIR; };
		B15D98B15FBAD37986B5D1CA /* RecallRowView.swift */ = {isa = PBXFileReference; lastKnownFileType = sourcecode.swift; path = RecallRowView.swift; sourceTree = "<group>"; };
		B4697629BCB109E6AB24565D /* RecallWidgetEntryView.swift */ = {isa = PBXFileReference; lastKnownFileType = sourcecode.swift; path = RecallWidgetEntryView.swift; sourceTree = "<group>"; };
		B6BF2C5F533938CE8005CAAE /* RecallKit */ = {isa = PBXFileReference; lastKnownFileType = folder; name = RecallKit; path = RecallKit; sourceTree = SOURCE_ROOT; };
		B85398D8920CC0688C14F9B5 /* EsthioSotariaWidget_macOS.appex */ = {isa = PBXFileReference; explicitFileType = "wrapper.app-extension"; includeInIndex = 0; path = EsthioSotariaWidget_macOS.appex; sourceTree = BUILT_PRODUCTS_DIR; };
		BA300C405F7B98423A5E8C1A /* EsthiosotariaApp.swift */ = {isa = PBXFileReference; lastKnownFileType = sourcecode.swift; path = EsthiosotariaApp.swift; sourceTree = "<group>"; };
		BB8803F6740ACA3BAF9A8490 /* OnboardingManualEntryView.swift */ = {isa = PBXFileReference; lastKnownFileType = sourcecode.swift; path = OnboardingManualEntryView.swift; sourceTree = "<group>"; };
		C7F890DFAD2082A12B035047 /* UserSettingsStore.swift */ = {isa = PBXFileReference; lastKnownFileType = sourcecode.swift; path = UserSettingsStore.swift; sourceTree = "<group>"; };
		DE5C910B53912E00585A0402 /* OnboardingLocatingView.swift */ = {isa = PBXFileReference; lastKnownFileType = sourcecode.swift; path = OnboardingLocatingView.swift; sourceTree = "<group>"; };
		E79CBE87FABAB0DC27FFCAA6 /* EsthioSotaria_iOS.app */ = {isa = PBXFileReference; includeInIndex = 0; lastKnownFileType = wrapper.application; path = EsthioSotaria_iOS.app; sourceTree = BUILT_PRODUCTS_DIR; };
		E7CF4A520CB609CDEAF93994 /* DesignGalleryView.swift */ = {isa = PBXFileReference; lastKnownFileType = sourcecode.swift; path = DesignGalleryView.swift; sourceTree = "<group>"; };
		E9B919A53830848335705167 /* RootView.swift */ = {isa = PBXFileReference; lastKnownFileType = sourcecode.swift; path = RootView.swift; sourceTree = "<group>"; };
		EBD9852A948EDCEB5B1A4D6A /* RecallTimelineProvider.swift */ = {isa = PBXFileReference; lastKnownFileType = sourcecode.swift; path = RecallTimelineProvider.swift; sourceTree = "<group>"; };
		FE5EB70364DB56439B8A414B /* RecallWidget.swift */ = {isa = PBXFileReference; lastKnownFileType = sourcecode.swift; path = RecallWidget.swift; sourceTree = "<group>"; };
/* End PBXFileReference section */

/* Begin PBXFrameworksBuildPhase section */
		6DFD60C2061BECA587E0CC52 /* Frameworks */ = {
			isa = PBXFrameworksBuildPhase;
			buildActionMask = 2147483647;
			files = (
				47499F4DD35D76F35CADE7D6 /* RecallKit in Frameworks */,
			);
			runOnlyForDeploymentPostprocessing = 0;
		};
		D58636D77A43F195B7C6F019 /* Frameworks */ = {
			isa = PBXFrameworksBuildPhase;
			buildActionMask = 2147483647;
			files = (
				790A3E8801A4EAE14B7F403B /* RecallKit in Frameworks */,
			);
			runOnlyForDeploymentPostprocessing = 0;
		};
		E3CEA12E3DCC48C76CE09AFA /* Frameworks */ = {
			isa = PBXFrameworksBuildPhase;
			buildActionMask = 2147483647;
			files = (
				152B2B350BA52402461A2212 /* RecallKit in Frameworks */,
			);
			runOnlyForDeploymentPostprocessing = 0;
		};
		E9C4CAC229829CA91D536011 /* Frameworks */ = {
			isa = PBXFrameworksBuildPhase;
			buildActionMask = 2147483647;
			files = (
				55D84D59CDCBD2CC86A099F5 /* RecallKit in Frameworks */,
			);
			runOnlyForDeploymentPostprocessing = 0;
		};
/* End PBXFrameworksBuildPhase section */

/* Begin PBXGroup section */
		07B7E5B864B78003A2E5DCAD /* Models */ = {
			isa = PBXGroup;
			children = (
				C7F890DFAD2082A12B035047 /* UserSettingsStore.swift */,
			);
			path = Models;
			sourceTree = "<group>";
		};
		11BF577537CFC9458214E58E /* Views */ = {
			isa = PBXGroup;
			children = (
				1E28F0EE43C635A8E39CE955 /* OnboardingView.swift */,
				74813730C740907548951A4D /* RecallListView.swift */,
				E9B919A53830848335705167 /* RootView.swift */,
				5BD33BDE03B89B9D9FFB068D /* SettingsView.swift */,
				A7B1542397DE6B6D65F798D2 /* Onboarding */,
				971987AF4255A40C353DA7A1 /* Recalls */,
			);
			path = Views;
			sourceTree = "<group>";
		};
		1FD058A2CDC9DBAAE524F4F0 /* Services */ = {
			isa = PBXGroup;
			children = (
				7DCAFB7F69C370ACA39B507F /* BackgroundRefresh.swift */,
				749AC61E5D7802C215876034 /* LocationService.swift */,
				2C8304011099B618A0C12BAB /* NotificationScheduler.swift */,
				5465F34631498D6C6FC665FE /* StoreDiscoveryService.swift */,
			);
			path = Services;
			sourceTree = "<group>";
		};
		4D69D1EB043185223AE99119 /* App */ = {
			isa = PBXGroup;
			children = (
				BA300C405F7B98423A5E8C1A /* EsthiosotariaApp.swift */,
				A58CE7131440EB52F3CED06D /* Info.plist */,
				E536002A27DE2CA73F0750D1 /* Design */,
				07B7E5B864B78003A2E5DCAD /* Models */,
				1FD058A2CDC9DBAAE524F4F0 /* Services */,
				D9E9D23EF773B47E900EFFA4 /* ViewModels */,
				11BF577537CFC9458214E58E /* Views */,
			);
			path = App;
			sourceTree = "<group>";
		};
		971987AF4255A40C353DA7A1 /* Recalls */ = {
			isa = PBXGroup;
			children = (
				41D66057A787A480252B9CE0 /* RecallDetailView.swift */,
				B15D98B15FBAD37986B5D1CA /* RecallRowView.swift */,
			);
			path = Recalls;
			sourceTree = "<group>";
		};
		99FE470C46F9F2C77E58B1F6 /* Products */ = {
			isa = PBXGroup;
			children = (
				E79CBE87FABAB0DC27FFCAA6 /* EsthioSotaria_iOS.app */,
				05A04D73BC88717477218032 /* EsthioSotaria_macOS.app */,
				AB8F15FCE82D4E23573E821D /* EsthioSotariaWidget_iOS.appex */,
				B85398D8920CC0688C14F9B5 /* EsthioSotariaWidget_macOS.appex */,
			);
			name = Products;
			sourceTree = "<group>";
		};
		A7B1542397DE6B6D65F798D2 /* Onboarding */ = {
			isa = PBXGroup;
			children = (
				DE5C910B53912E00585A0402 /* OnboardingLocatingView.swift */,
				BB8803F6740ACA3BAF9A8490 /* OnboardingManualEntryView.swift */,
				652398B3F95F508FDAD663FF /* OnboardingStorePickerView.swift */,
				5291BB8BAF72FFB0D12BED32 /* OnboardingWelcomeView.swift */,
			);
			path = Onboarding;
			sourceTree = "<group>";
		};
		BBEDD0CFFD9639C72E4B779C = {
			isa = PBXGroup;
			children = (
				4D69D1EB043185223AE99119 /* App */,
				E5D0D626921B11D929E8FF34 /* Packages */,
				FF662D201E8C7E11B001AB63 /* Widget */,
				99FE470C46F9F2C77E58B1F6 /* Products */,
			);
			sourceTree = "<group>";
		};
		D9E9D23EF773B47E900EFFA4 /* ViewModels */ = {
			isa = PBXGroup;
			children = (
				31371B9D08F43FB8F7241FF9 /* RecallListViewModel.swift */,
			);
			path = ViewModels;
			sourceTree = "<group>";
		};
		E536002A27DE2CA73F0750D1 /* Design */ = {
			isa = PBXGroup;
			children = (
				E7CF4A520CB609CDEAF93994 /* DesignGalleryView.swift */,
				1936B6CA81431AB498761B14 /* DesignTokens.swift */,
				A21DE389133E2E39A4945899 /* MockData.swift */,
			);
			path = Design;
			sourceTree = "<group>";
		};
		E5D0D626921B11D929E8FF34 /* Packages */ = {
			isa = PBXGroup;
			children = (
				B6BF2C5F533938CE8005CAAE /* RecallKit */,
			);
			name = Packages;
			sourceTree = "<group>";
		};
		FF662D201E8C7E11B001AB63 /* Widget */ = {
			isa = PBXGroup;
			children = (
				9F75C1C17EDC401A43143560 /* Info.plist */,
				EBD9852A948EDCEB5B1A4D6A /* RecallTimelineProvider.swift */,
				FE5EB70364DB56439B8A414B /* RecallWidget.swift */,
				B4697629BCB109E6AB24565D /* RecallWidgetEntryView.swift */,
			);
			path = Widget;
			sourceTree = "<group>";
		};
/* End PBXGroup section */

/* Begin PBXNativeTarget section */
		8C74BDFCA89E631A92AD5B5F /* EsthioSotaria_iOS */ = {
			isa = PBXNativeTarget;
			buildConfigurationList = 0F9736C2BA19D50DC4431AFF /* Build configuration list for PBXNativeTarget "EsthioSotaria_iOS" */;
			buildPhases = (
				22BCC44EC591311407934084 /* Sources */,
				6DFD60C2061BECA587E0CC52 /* Frameworks */,
				4DBCBB29A947D433495F6A38 /* Embed Foundation Extensions */,
			);
			buildRules = (
			);
			dependencies = (
				F4215EF0861AFFD5DBEE2B4B /* PBXTargetDependency */,
			);
			name = EsthioSotaria_iOS;
			packageProductDependencies = (
				604E20E1790ECA03B145C09D /* RecallKit */,
			);
			productName = EsthioSotaria_iOS;
			productReference = E79CBE87FABAB0DC27FFCAA6 /* EsthioSotaria_iOS.app */;
			productType = "com.apple.product-type.application";
		};
		A36F2E90D152FEE9290078BD /* EsthioSotariaWidget_iOS */ = {
			isa = PBXNativeTarget;
			buildConfigurationList = BEED2BA68EA111CA5FAAF24D /* Build configuration list for PBXNativeTarget "EsthioSotariaWidget_iOS" */;
			buildPhases = (
				0670167F73A117F89E4996CE /* Sources */,
				E3CEA12E3DCC48C76CE09AFA /* Frameworks */,
			);
			buildRules = (
			);
			dependencies = (
			);
			name = EsthioSotariaWidget_iOS;
			packageProductDependencies = (
				0D6604FC6897F340C58ADE02 /* RecallKit */,
			);
			productName = EsthioSotariaWidget_iOS;
			productReference = AB8F15FCE82D4E23573E821D /* EsthioSotariaWidget_iOS.appex */;
			productType = "com.apple.product-type.app-extension";
		};
		B527563104368DA8810EB397 /* EsthioSotariaWidget_macOS */ = {
			isa = PBXNativeTarget;
			buildConfigurationList = 8C03A49C92AB2611F52BA3DB /* Build configuration list for PBXNativeTarget "EsthioSotariaWidget_macOS" */;
			buildPhases = (
				0CAD1FAB583E16ABE5AC6050 /* Sources */,
				D58636D77A43F195B7C6F019 /* Frameworks */,
			);
			buildRules = (
			);
			dependencies = (
			);
			name = EsthioSotariaWidget_macOS;
			packageProductDependencies = (
				E997D5264EB446A17E0C3717 /* RecallKit */,
			);
			productName = EsthioSotariaWidget_macOS;
			productReference = B85398D8920CC0688C14F9B5 /* EsthioSotariaWidget_macOS.appex */;
			productType = "com.apple.product-type.app-extension";
		};
		B72EC1F46E012E3ED687C7D5 /* EsthioSotaria_macOS */ = {
			isa = PBXNativeTarget;
			buildConfigurationList = 5B4AD41F9A57830702ECC803 /* Build configuration list for PBXNativeTarget "EsthioSotaria_macOS" */;
			buildPhases = (
				F9E68EE4342CEA7AB51BB7B4 /* Sources */,
				E9C4CAC229829CA91D536011 /* Frameworks */,
				B97721AF41AFDF13A8BA369F /* Embed Foundation Extensions */,
			);
			buildRules = (
			);
			dependencies = (
				6DB1DF04460CF12D35A5B69A /* PBXTargetDependency */,
			);
			name = EsthioSotaria_macOS;
			packageProductDependencies = (
				F4C5A4A45C3B1B01EA7F24B0 /* RecallKit */,
			);
			productName = EsthioSotaria_macOS;
			productReference = 05A04D73BC88717477218032 /* EsthioSotaria_macOS.app */;
			productType = "com.apple.product-type.application";
		};
/* End PBXNativeTarget section */

/* Begin PBXProject section */
		6705B0D922505BF623FFBDFD /* Project object */ = {
			isa = PBXProject;
			attributes = {
				BuildIndependentTargetsInParallel = YES;
				LastUpgradeCheck = 1430;
				TargetAttributes = {
					8C74BDFCA89E631A92AD5B5F = {
						DevelopmentTeam = 5U7AXJPZ6J;
						ProvisioningStyle = Automatic;
					};
					A36F2E90D152FEE9290078BD = {
						DevelopmentTeam = 5U7AXJPZ6J;
						ProvisioningStyle = Automatic;
					};
					B527563104368DA8810EB397 = {
						DevelopmentTeam = 5U7AXJPZ6J;
						ProvisioningStyle = Automatic;
					};
					B72EC1F46E012E3ED687C7D5 = {
						DevelopmentTeam = 5U7AXJPZ6J;
						ProvisioningStyle = Automatic;
					};
				};
			};
			buildConfigurationList = 3CE0E4AD7B058223F8E1B48F /* Build configuration list for PBXProject "EsthioSotaria" */;
			developmentRegion = en;
			hasScannedForEncodings = 0;
			knownRegions = (
				Base,
				en,
			);
			mainGroup = BBEDD0CFFD9639C72E4B779C;
			minimizedProjectReferenceProxies = 1;
			packageReferences = (
				33617B23E2FB301DB540D74F /* XCLocalSwiftPackageReference "RecallKit" */,
			);
			preferredProjectObjectVersion = 77;
			productRefGroup = 99FE470C46F9F2C77E58B1F6 /* Products */;
			projectDirPath = "";
			projectRoot = "";
			targets = (
				8C74BDFCA89E631A92AD5B5F /* EsthioSotaria_iOS */,
				B72EC1F46E012E3ED687C7D5 /* EsthioSotaria_macOS */,
				A36F2E90D152FEE9290078BD /* EsthioSotariaWidget_iOS */,
				B527563104368DA8810EB397 /* EsthioSotariaWidget_macOS */,
			);
		};
/* End PBXProject section */

/* Begin PBXSourcesBuildPhase section */
		0670167F73A117F89E4996CE /* Sources */ = {
			isa = PBXSourcesBuildPhase;
			buildActionMask = 2147483647;
			files = (
				517F41332AD376094B61F49F /* RecallTimelineProvider.swift in Sources */,
				0F7F067512FC283CDB127A1D /* RecallWidget.swift in Sources */,
				BCA5447515D69C9963964022 /* RecallWidgetEntryView.swift in Sources */,
			);
			runOnlyForDeploymentPostprocessing = 0;
		};
		0CAD1FAB583E16ABE5AC6050 /* Sources */ = {
			isa = PBXSourcesBuildPhase;
			buildActionMask = 2147483647;
			files = (
				0688B909F6BAD02104D1E939 /* RecallTimelineProvider.swift in Sources */,
				31EC06D587E8F0D4FD210DC1 /* RecallWidget.swift in Sources */,
				A5C83DD78631E3B8291066AE /* RecallWidgetEntryView.swift in Sources */,
			);
			runOnlyForDeploymentPostprocessing = 0;
		};
		22BCC44EC591311407934084 /* Sources */ = {
			isa = PBXSourcesBuildPhase;
			buildActionMask = 2147483647;
			files = (
				DDF42BD256BE64C575781861 /* BackgroundRefresh.swift in Sources */,
				7A3E4665BEDB7D72455BD2A8 /* DesignGalleryView.swift in Sources */,
				EE617565AFB7A3AF5823151E /* DesignTokens.swift in Sources */,
				52A3F53D6405056A8E2F81A8 /* EsthiosotariaApp.swift in Sources */,
				AF47219554285C16F719CD4C /* LocationService.swift in Sources */,
				01B539E9269E45EFCC3FA621 /* MockData.swift in Sources */,
				41C95569E511AC2126E0B5CF /* NotificationScheduler.swift in Sources */,
				50AEF0976A4AE0823A2211FF /* OnboardingLocatingView.swift in Sources */,
				44D6D13292CE7E809822ABF1 /* OnboardingManualEntryView.swift in Sources */,
				17608CB256DC240634161598 /* OnboardingStorePickerView.swift in Sources */,
				86CDA887D0E7ADBCBE9B5414 /* OnboardingView.swift in Sources */,
				F4CAD5E795C3BDB381D74551 /* OnboardingWelcomeView.swift in Sources */,
				FB9D1101C175227806D208DE /* RecallDetailView.swift in Sources */,
				326A2CFD796B587EAE39CD91 /* RecallListView.swift in Sources */,
				19892B6D64206C57FD5C1450 /* RecallListViewModel.swift in Sources */,
				D4B28D07F9ADCBE16204995B /* RecallRowView.swift in Sources */,
				25025E6B6BE18A4EF0F89FE4 /* RootView.swift in Sources */,
				DCE56BF7209EB052B1F7B07E /* SettingsView.swift in Sources */,
				FDC9B6CFE3D7319E24FABE74 /* StoreDiscoveryService.swift in Sources */,
				7F3D50933B5970D06ABFE843 /* UserSettingsStore.swift in Sources */,
			);
			runOnlyForDeploymentPostprocessing = 0;
		};
		F9E68EE4342CEA7AB51BB7B4 /* Sources */ = {
			isa = PBXSourcesBuildPhase;
			buildActionMask = 2147483647;
			files = (
				8BB9444E2356A9140D38177A /* BackgroundRefresh.swift in Sources */,
				F400F885C541A7441FF0A68E /* DesignGalleryView.swift in Sources */,
				C4FBF469CEB1041CBF7A9E3C /* DesignTokens.swift in Sources */,
				96B568137F78A138182E3172 /* EsthiosotariaApp.swift in Sources */,
				3D9A569BFA5B4A84A7372629 /* LocationService.swift in Sources */,
				6B002BCDBA7DE745B8DF4ABA /* MockData.swift in Sources */,
				98A88F3523407D9FC3D06581 /* NotificationScheduler.swift in Sources */,
				7B9EF0FAD03A7E33FE4C71BC /* OnboardingLocatingView.swift in Sources */,
				183EA9965CFDFD86A70ED1B5 /* OnboardingManualEntryView.swift in Sources */,
				D0D773FED8FCC7070F114948 /* OnboardingStorePickerView.swift in Sources */,
				2E0CE6E61163BFCFB0A64F26 /* OnboardingView.swift in Sources */,
				EA215A350E62A2EC9D9144C0 /* OnboardingWelcomeView.swift in Sources */,
				D05DE33E914851981C70E343 /* RecallDetailView.swift in Sources */,
				6EF233FAA50BDD930B2A3440 /* RecallListView.swift in Sources */,
				70B568ED01C33BBCCCA83791 /* RecallListViewModel.swift in Sources */,
				C4B389BA93E9FAFB077F68FA /* RecallRowView.swift in Sources */,
				91FCD9A6B58FB2B4C1D77A4F /* RootView.swift in Sources */,
				6110C1325CD14DAC6374E507 /* SettingsView.swift in Sources */,
				6CB4DBE94FE579A32CA858E9 /* StoreDiscoveryService.swift in Sources */,
				CECC6365721648A28ECA8AC2 /* UserSettingsStore.swift in Sources */,
			);
			runOnlyForDeploymentPostprocessing = 0;
		};
/* End PBXSourcesBuildPhase section */

/* Begin PBXTargetDependency section */
		6DB1DF04460CF12D35A5B69A /* PBXTargetDependency */ = {
			isa = PBXTargetDependency;
			target = B527563104368DA8810EB397 /* EsthioSotariaWidget_macOS */;
			targetProxy = 1EDD4B2B5BE467465CEDE5DC /* PBXContainerItemProxy */;
		};
		F4215EF0861AFFD5DBEE2B4B /* PBXTargetDependency */ = {
			isa = PBXTargetDependency;
			target = A36F2E90D152FEE9290078BD /* EsthioSotariaWidget_iOS */;
			targetProxy = 5F9D99A0DD5BDFCE768DBEDB /* PBXContainerItemProxy */;
		};
/* End PBXTargetDependency section */

/* Begin XCBuildConfiguration section */
		2C5DC16DEB126FCDEAE0FDED /* Debug */ = {
			isa = XCBuildConfiguration;
			buildSettings = {
				ASSETCATALOG_COMPILER_APPICON_NAME = AppIcon;
				CODE_SIGN_ENTITLEMENTS = "App/EsthioSotaria-iOS.entitlements";
				CODE_SIGN_IDENTITY = "iPhone Developer";
				INFOPLIST_FILE = App/Info.plist;
				LD_RUNPATH_SEARCH_PATHS = (
					"$(inherited)",
					"@executable_path/Frameworks",
				);
				PRODUCT_BUNDLE_IDENTIFIER = dev.tinyvelocet.esthiosotaria;
				SDKROOT = iphoneos;
				TARGETED_DEVICE_FAMILY = "1,2";
			};
			name = Debug;
		};
		465603A2E012B85BBC68DC46 /* Debug */ = {
			isa = XCBuildConfiguration;
			buildSettings = {
				CODE_SIGN_ENTITLEMENTS = "Widget/EsthioSotariaWidget-macOS.entitlements";
				COMBINE_HIDPI_IMAGES = YES;
				INFOPLIST_FILE = Widget/Info.plist;
				LD_RUNPATH_SEARCH_PATHS = (
					"$(inherited)",
					"@executable_path/../Frameworks",
					"@executable_path/../../../../Frameworks",
				);
				PRODUCT_BUNDLE_IDENTIFIER = dev.tinyvelocet.esthiosotaria.widget;
				SDKROOT = macosx;
				SKIP_INSTALL = YES;
			};
			name = Debug;
		};
		49ABB5EDEC52185A81465F44 /* Debug */ = {
			isa = XCBuildConfiguration;
			buildSettings = {
				CODE_SIGN_ENTITLEMENTS = "Widget/EsthioSotariaWidget-iOS.entitlements";
				INFOPLIST_FILE = Widget/Info.plist;
				LD_RUNPATH_SEARCH_PATHS = (
					"$(inherited)",
					"@executable_path/Frameworks",
					"@executable_path/../../Frameworks",
				);
				PRODUCT_BUNDLE_IDENTIFIER = dev.tinyvelocet.esthiosotaria.widget;
				SDKROOT = iphoneos;
				SKIP_INSTALL = YES;
				TARGETED_DEVICE_FAMILY = "1,2";
			};
			name = Debug;
		};
		60ED9EC859283FA0DB8E55CB /* Release */ = {
			isa = XCBuildConfiguration;
			buildSettings = {
				ASSETCATALOG_COMPILER_APPICON_NAME = AppIcon;
				CODE_SIGN_ENTITLEMENTS = "App/EsthioSotaria-macOS.entitlements";
				COMBINE_HIDPI_IMAGES = YES;
				INFOPLIST_FILE = App/Info.plist;
				LD_RUNPATH_SEARCH_PATHS = (
					"$(inherited)",
					"@executable_path/../Frameworks",
				);
				PRODUCT_BUNDLE_IDENTIFIER = dev.tinyvelocet.esthiosotaria;
				SDKROOT = macosx;
			};
			name = Release;
		};
		6E1354C58EEADE374EA326E1 /* Debug */ = {
			isa = XCBuildConfiguration;
			buildSettings = {
				ASSETCATALOG_COMPILER_APPICON_NAME = AppIcon;
				CODE_SIGN_ENTITLEMENTS = "App/EsthioSotaria-macOS.entitlements";
				COMBINE_HIDPI_IMAGES = YES;
				INFOPLIST_FILE = App/Info.plist;
				LD_RUNPATH_SEARCH_PATHS = (
					"$(inherited)",
					"@executable_path/../Frameworks",
				);
				PRODUCT_BUNDLE_IDENTIFIER = dev.tinyvelocet.esthiosotaria;
				SDKROOT = macosx;
			};
			name = Debug;
		};
		7A19586C7F59ABA6793121D8 /* Release */ = {
			isa = XCBuildConfiguration;
			buildSettings = {
				CODE_SIGN_ENTITLEMENTS = "Widget/EsthioSotariaWidget-iOS.entitlements";
				INFOPLIST_FILE = Widget/Info.plist;
				LD_RUNPATH_SEARCH_PATHS = (
					"$(inherited)",
					"@executable_path/Frameworks",
					"@executable_path/../../Frameworks",
				);
				PRODUCT_BUNDLE_IDENTIFIER = dev.tinyvelocet.esthiosotaria.widget;
				SDKROOT = iphoneos;
				SKIP_INSTALL = YES;
				TARGETED_DEVICE_FAMILY = "1,2";
			};
			name = Release;
		};
		AD69B198FF9AB0F27FD106B2 /* Release */ = {
			isa = XCBuildConfiguration;
			buildSettings = {
				ASSETCATALOG_COMPILER_APPICON_NAME = AppIcon;
				CODE_SIGN_ENTITLEMENTS = "App/EsthioSotaria-iOS.entitlements";
				CODE_SIGN_IDENTITY = "iPhone Developer";
				INFOPLIST_FILE = App/Info.plist;
				LD_RUNPATH_SEARCH_PATHS = (
					"$(inherited)",
					"@executable_path/Frameworks",
				);
				PRODUCT_BUNDLE_IDENTIFIER = dev.tinyvelocet.esthiosotaria;
				SDKROOT = iphoneos;
				TARGETED_DEVICE_FAMILY = "1,2";
			};
			name = Release;
		};
		C5D80D09795407E583151EE5 /* Release */ = {
			isa = XCBuildConfiguration;
			buildSettings = {
				CODE_SIGN_ENTITLEMENTS = "Widget/EsthioSotariaWidget-macOS.entitlements";
				COMBINE_HIDPI_IMAGES = YES;
				INFOPLIST_FILE = Widget/Info.plist;
				LD_RUNPATH_SEARCH_PATHS = (
					"$(inherited)",
					"@executable_path/../Frameworks",
					"@executable_path/../../../../Frameworks",
				);
				PRODUCT_BUNDLE_IDENTIFIER = dev.tinyvelocet.esthiosotaria.widget;
				SDKROOT = macosx;
				SKIP_INSTALL = YES;
			};
			name = Release;
		};
		CB4748240DE873A09612DFE2 /* Release */ = {
			isa = XCBuildConfiguration;
			buildSettings = {
				ALWAYS_SEARCH_USER_PATHS = NO;
				CLANG_ANALYZER_NONNULL = YES;
				CLANG_ANALYZER_NUMBER_OBJECT_CONVERSION = YES_AGGRESSIVE;
				CLANG_CXX_LANGUAGE_STANDARD = "gnu++14";
				CLANG_CXX_LIBRARY = "libc++";
				CLANG_ENABLE_MODULES = YES;
				CLANG_ENABLE_OBJC_ARC = YES;
				CLANG_ENABLE_OBJC_WEAK = YES;
				CLANG_WARN_BLOCK_CAPTURE_AUTORELEASING = YES;
				CLANG_WARN_BOOL_CONVERSION = YES;
				CLANG_WARN_COMMA = YES;
				CLANG_WARN_CONSTANT_CONVERSION = YES;
				CLANG_WARN_DEPRECATED_OBJC_IMPLEMENTATIONS = YES;
				CLANG_WARN_DIRECT_OBJC_ISA_USAGE = YES_ERROR;
				CLANG_WARN_DOCUMENTATION_COMMENTS = YES;
				CLANG_WARN_EMPTY_BODY = YES;
				CLANG_WARN_ENUM_CONVERSION = YES;
				CLANG_WARN_INFINITE_RECURSION = YES;
				CLANG_WARN_INT_CONVERSION = YES;
				CLANG_WARN_NON_LITERAL_NULL_CONVERSION = YES;
				CLANG_WARN_OBJC_IMPLICIT_RETAIN_SELF = YES;
				CLANG_WARN_OBJC_LITERAL_CONVERSION = YES;
				CLANG_WARN_OBJC_ROOT_CLASS = YES_ERROR;
				CLANG_WARN_QUOTED_INCLUDE_IN_FRAMEWORK_HEADER = YES;
				CLANG_WARN_RANGE_LOOP_ANALYSIS = YES;
				CLANG_WARN_STRICT_PROTOTYPES = YES;
				CLANG_WARN_SUSPICIOUS_MOVE = YES;
				CLANG_WARN_UNGUARDED_AVAILABILITY = YES_AGGRESSIVE;
				CLANG_WARN_UNREACHABLE_CODE = YES;
				CLANG_WARN__DUPLICATE_METHOD_MATCH = YES;
				CODE_SIGN_STYLE = Automatic;
				COPY_PHASE_STRIP = NO;
				CURRENT_PROJECT_VERSION = 1;
				DEBUG_INFORMATION_FORMAT = "dwarf-with-dsym";
				DEVELOPMENT_TEAM = 5U7AXJPZ6J;
				ENABLE_HARDENED_RUNTIME = YES;
				ENABLE_NS_ASSERTIONS = NO;
				ENABLE_STRICT_OBJC_MSGSEND = YES;
				ENABLE_USER_SCRIPT_SANDBOXING = NO;
				GCC_C_LANGUAGE_STANDARD = gnu11;
				GCC_NO_COMMON_BLOCKS = YES;
				GCC_WARN_64_TO_32_BIT_CONVERSION = YES;
				GCC_WARN_ABOUT_RETURN_TYPE = YES_ERROR;
				GCC_WARN_UNDECLARED_SELECTOR = YES;
				GCC_WARN_UNINITIALIZED_AUTOS = YES_AGGRESSIVE;
				GCC_WARN_UNUSED_FUNCTION = YES;
				GCC_WARN_UNUSED_VARIABLE = YES;
				IPHONEOS_DEPLOYMENT_TARGET = 17.0;
				MACOSX_DEPLOYMENT_TARGET = 14.0;
				MARKETING_VERSION = 0.1.0;
				MTL_ENABLE_DEBUG_INFO = NO;
				MTL_FAST_MATH = YES;
				PRODUCT_NAME = "$(TARGET_NAME)";
				SWIFT_COMPILATION_MODE = wholemodule;
				SWIFT_OPTIMIZATION_LEVEL = "-O";
				SWIFT_VERSION = 5.10;
			};
			name = Release;
		};
		F8C61487891E935D8B3B2796 /* Debug */ = {
			isa = XCBuildConfiguration;
			buildSettings = {
				ALWAYS_SEARCH_USER_PATHS = NO;
				CLANG_ANALYZER_NONNULL = YES;
				CLANG_ANALYZER_NUMBER_OBJECT_CONVERSION = YES_AGGRESSIVE;
				CLANG_CXX_LANGUAGE_STANDARD = "gnu++14";
				CLANG_CXX_LIBRARY = "libc++";
				CLANG_ENABLE_MODULES = YES;
				CLANG_ENABLE_OBJC_ARC = YES;
				CLANG_ENABLE_OBJC_WEAK = YES;
				CLANG_WARN_BLOCK_CAPTURE_AUTORELEASING = YES;
				CLANG_WARN_BOOL_CONVERSION = YES;
				CLANG_WARN_COMMA = YES;
				CLANG_WARN_CONSTANT_CONVERSION = YES;
				CLANG_WARN_DEPRECATED_OBJC_IMPLEMENTATIONS = YES;
				CLANG_WARN_DIRECT_OBJC_ISA_USAGE = YES_ERROR;
				CLANG_WARN_DOCUMENTATION_COMMENTS = YES;
				CLANG_WARN_EMPTY_BODY = YES;
				CLANG_WARN_ENUM_CONVERSION = YES;
				CLANG_WARN_INFINITE_RECURSION = YES;
				CLANG_WARN_INT_CONVERSION = YES;
				CLANG_WARN_NON_LITERAL_NULL_CONVERSION = YES;
				CLANG_WARN_OBJC_IMPLICIT_RETAIN_SELF = YES;
				CLANG_WARN_OBJC_LITERAL_CONVERSION = YES;
				CLANG_WARN_OBJC_ROOT_CLASS = YES_ERROR;
				CLANG_WARN_QUOTED_INCLUDE_IN_FRAMEWORK_HEADER = YES;
				CLANG_WARN_RANGE_LOOP_ANALYSIS = YES;
				CLANG_WARN_STRICT_PROTOTYPES = YES;
				CLANG_WARN_SUSPICIOUS_MOVE = YES;
				CLANG_WARN_UNGUARDED_AVAILABILITY = YES_AGGRESSIVE;
				CLANG_WARN_UNREACHABLE_CODE = YES;
				CLANG_WARN__DUPLICATE_METHOD_MATCH = YES;
				CODE_SIGN_STYLE = Automatic;
				COPY_PHASE_STRIP = NO;
				CURRENT_PROJECT_VERSION = 1;
				DEBUG_INFORMATION_FORMAT = dwarf;
				DEVELOPMENT_TEAM = 5U7AXJPZ6J;
				ENABLE_HARDENED_RUNTIME = YES;
				ENABLE_STRICT_OBJC_MSGSEND = YES;
				ENABLE_TESTABILITY = YES;
				ENABLE_USER_SCRIPT_SANDBOXING = NO;
				GCC_C_LANGUAGE_STANDARD = gnu11;
				GCC_DYNAMIC_NO_PIC = NO;
				GCC_NO_COMMON_BLOCKS = YES;
				GCC_OPTIMIZATION_LEVEL = 0;
				GCC_PREPROCESSOR_DEFINITIONS = (
					"$(inherited)",
					"DEBUG=1",
				);
				GCC_WARN_64_TO_32_BIT_CONVERSION = YES;
				GCC_WARN_ABOUT_RETURN_TYPE = YES_ERROR;
				GCC_WARN_UNDECLARED_SELECTOR = YES;
				GCC_WARN_UNINITIALIZED_AUTOS = YES_AGGRESSIVE;
				GCC_WARN_UNUSED_FUNCTION = YES;
				GCC_WARN_UNUSED_VARIABLE = YES;
				IPHONEOS_DEPLOYMENT_TARGET = 17.0;
				MACOSX_DEPLOYMENT_TARGET = 14.0;
				MARKETING_VERSION = 0.1.0;
				MTL_ENABLE_DEBUG_INFO = INCLUDE_SOURCE;
				MTL_FAST_MATH = YES;
				ONLY_ACTIVE_ARCH = YES;
				PRODUCT_NAME = "$(TARGET_NAME)";
				SWIFT_ACTIVE_COMPILATION_CONDITIONS = DEBUG;
				SWIFT_OPTIMIZATION_LEVEL = "-Onone";
				SWIFT_VERSION = 5.10;
			};
			name = Debug;
		};
/* End XCBuildConfiguration section */

/* Begin XCConfigurationList section */
		0F9736C2BA19D50DC4431AFF /* Build configuration list for PBXNativeTarget "EsthioSotaria_iOS" */ = {
			isa = XCConfigurationList;
			buildConfigurations = (
				2C5DC16DEB126FCDEAE0FDED /* Debug */,
				AD69B198FF9AB0F27FD106B2 /* Release */,
			);
			defaultConfigurationIsVisible = 0;
			defaultConfigurationName = Debug;
		};
		3CE0E4AD7B058223F8E1B48F /* Build configuration list for PBXProject "EsthioSotaria" */ = {
			isa = XCConfigurationList;
			buildConfigurations = (
				F8C61487891E935D8B3B2796 /* Debug */,
				CB4748240DE873A09612DFE2 /* Release */,
			);
			defaultConfigurationIsVisible = 0;
			defaultConfigurationName = Debug;
		};
		5B4AD41F9A57830702ECC803 /* Build configuration list for PBXNativeTarget "EsthioSotaria_macOS" */ = {
			isa = XCConfigurationList;
			buildConfigurations = (
				6E1354C58EEADE374EA326E1 /* Debug */,
				60ED9EC859283FA0DB8E55CB /* Release */,
			);
			defaultConfigurationIsVisible = 0;
			defaultConfigurationName = Debug;
		};
		8C03A49C92AB2611F52BA3DB /* Build configuration list for PBXNativeTarget "EsthioSotariaWidget_macOS" */ = {
			isa = XCConfigurationList;
			buildConfigurations = (
				465603A2E012B85BBC68DC46 /* Debug */,
				C5D80D09795407E583151EE5 /* Release */,
			);
			defaultConfigurationIsVisible = 0;
			defaultConfigurationName = Debug;
		};
		BEED2BA68EA111CA5FAAF24D /* Build configuration list for PBXNativeTarget "EsthioSotariaWidget_iOS" */ = {
			isa = XCConfigurationList;
			buildConfigurations = (
				49ABB5EDEC52185A81465F44 /* Debug */,
				7A19586C7F59ABA6793121D8 /* Release */,
			);
			defaultConfigurationIsVisible = 0;
			defaultConfigurationName = Debug;
		};
/* End XCConfigurationList section */

/* Begin XCLocalSwiftPackageReference section */
		33617B23E2FB301DB540D74F /* XCLocalSwiftPackageReference "RecallKit" */ = {
			isa = XCLocalSwiftPackageReference;
			relativePath = RecallKit;
		};
/* End XCLocalSwiftPackageReference section */

/* Begin XCSwiftPackageProductDependency section */
		0D6604FC6897F340C58ADE02 /* RecallKit */ = {
			isa = XCSwiftPackageProductDependency;
			productName = RecallKit;
		};
		604E20E1790ECA03B145C09D /* RecallKit */ = {
			isa = XCSwiftPackageProductDependency;
			productName = RecallKit;
		};
		E997D5264EB446A17E0C3717 /* RecallKit */ = {
			isa = XCSwiftPackageProductDependency;
			productName = RecallKit;
		};
		F4C5A4A45C3B1B01EA7F24B0 /* RecallKit */ = {
			isa = XCSwiftPackageProductDependency;
			productName = RecallKit;
		};
/* End XCSwiftPackageProductDependency section */
	};
	rootObject = 6705B0D922505BF623FFBDFD /* Project object */;
}
